
Microsoft Visual Studio Solution File, Format Version 12.00
Project("{FAE04EC0-301F-11D3-BF4B-00C04F79EFBC}") = "BetService.Core", "BetService.Core\BetService.Core.csproj", "{F11D138A-174A-4A19-86A9-672481783731}"
EndProject
Project("{FAE04EC0-301F-11D3-BF4B-00C04F79EFBC}") = "BetService.API", "BetService.API\BetService.API.csproj", "{71646E85-EAAD-4BC8-834B-D82EDC5970A7}"
EndProject
Project("{FAE04EC0-301F-11D3-BF4B-00C04F79EFBC}") = "BetService.Infrastructure", "BetService.Infrastructure\BetService.Infrastructure.csproj", "{39A4A74F-06C5-4EBB-B134-521353BDBBC8}"
EndProject
Global
	GlobalSection(SolutionConfigurationPlatforms) = preSolution
		Debug|Any CPU = Debug|Any CPU
		Release|Any CPU = Release|Any CPU
	EndGlobalSection
	GlobalSection(ProjectConfigurationPlatforms) = postSolution
		{F11D138A-174A-4A19-86A9-672481783731}.Debug|Any CPU.ActiveCfg = Debug|Any CPU
		{F11D138A-174A-4A19-86A9-672481783731}.Debug|Any CPU.Build.0 = Debug|Any CPU
		{F11D138A-174A-4A19-86A9-672481783731}.Release|Any CPU.ActiveCfg = Release|Any CPU
		{F11D138A-174A-4A19-86A9-672481783731}.Release|Any CPU.Build.0 = Release|Any CPU
		{71646E85-EAAD-4BC8-834B-D82EDC5970A7}.Debug|Any CPU.ActiveCfg = Debug|Any CPU
		{71646E85-EAAD-4BC8-834B-D82EDC5970A7}.Debug|Any CPU.Build.0 = Debug|Any CPU
		{71646E85-EAAD-4BC8-834B-D82EDC5970A7}.Release|Any CPU.ActiveCfg = Release|Any CPU
		{71646E85-EAAD-4BC8-834B-D82EDC5970A7}.Release|Any CPU.Build.0 = Release|Any CPU
		{39A4A74F-06C5-4EBB-B134-521353BDBBC8}.Debug|Any CPU.ActiveCfg = Debug|Any CPU
		{39A4A74F-06C5-4EBB-B134-521353BDBBC8}.Debug|Any CPU.Build.0 = Debug|Any CPU
		{39A4A74F-06C5-4EBB-B134-521353BDBBC8}.Release|Any CPU.ActiveCfg = Release|Any CPU
		{39A4A74F-06C5-4EBB-B134-521353BDBBC8}.Release|Any CPU.Build.0 = Release|Any CPU
	EndGlobalSection
EndGlobal
